
Microsoft Visual Studio Solution File, Format Version 12.00
# Visual Studio Version 17
VisualStudioVersion = 17.1.32210.238
MinimumVisualStudioVersion = 10.0.40219.1
Project("{FAE04EC0-301F-11D3-BF4B-00C04F79EFBC}") = "3_6", "3_6\3_6.csproj", "{3E7CC700-C407-4661-8EA4-AB77026E3710}"
EndProject
Global
	GlobalSection(SolutionConfigurationPlatforms) = preSolution
		Debug|Any CPU = Debug|Any CPU
		Release|Any CPU = Release|Any CPU
	EndGlobalSection
	GlobalSection(ProjectConfigurationPlatforms) = postSolution
		{3E7CC700-C407-4661-8EA4-AB77026E3710}.Debug|Any CPU.ActiveCfg = Debug|Any CPU
		{3E7CC700-C407-4661-8EA4-AB77026E3710}.Debug|Any CPU.Build.0 = Debug|Any CPU
		{3E7CC700-C407-4661-8EA4-AB77026E3710}.Release|Any CPU.ActiveCfg = Release|Any CPU
		{3E7CC700-C407-4661-8EA4-AB77026E3710}.Release|Any CPU.Build.0 = Release|Any CPU
	EndGlobalSection
	GlobalSection(SolutionProperties) = preSolution
		HideSolutionNode = FALSE
	EndGlobalSection
	GlobalSection(ExtensibilityGlobals) = postSolution
		SolutionGuid = {EA20D1DF-9701-4B5B-9629-DB742D3E3A9B}
	EndGlobalSection
EndGlobal
