
Microsoft Visual Studio Solution File, Format Version 12.00
# Visual Studio Version 17
VisualStudioVersion = 17.1.32210.238
MinimumVisualStudioVersion = 10.0.40219.1
Project("{FAE04EC0-301F-11D3-BF4B-00C04F79EFBC}") = "2_1", "2_1\2_1.csproj", "{CCF8CB40-E5E7-47D6-A3C0-644E559086F6}"
EndProject
Global
	GlobalSection(SolutionConfigurationPlatforms) = preSolution
		Debug|Any CPU = Debug|Any CPU
		Release|Any CPU = Release|Any CPU
	EndGlobalSection
	GlobalSection(ProjectConfigurationPlatforms) = postSolution
		{CCF8CB40-E5E7-47D6-A3C0-644E559086F6}.Debug|Any CPU.ActiveCfg = Debug|Any CPU
		{CCF8CB40-E5E7-47D6-A3C0-644E559086F6}.Debug|Any CPU.Build.0 = Debug|Any CPU
		{CCF8CB40-E5E7-47D6-A3C0-644E559086F6}.Release|Any CPU.ActiveCfg = Release|Any CPU
		{CCF8CB40-E5E7-47D6-A3C0-644E559086F6}.Release|Any CPU.Build.0 = Release|Any CPU
	EndGlobalSection
	GlobalSection(SolutionProperties) = preSolution
		HideSolutionNode = FALSE
	EndGlobalSection
	GlobalSection(ExtensibilityGlobals) = postSolution
		SolutionGuid = {8190009D-1A3D-4236-A6EF-D7602A672D6B}
	EndGlobalSection
EndGlobal
