
Microsoft Visual Studio Solution File, Format Version 12.00
# Visual Studio Version 16
VisualStudioVersion = 16.0.36324.18
MinimumVisualStudioVersion = 10.0.40219.1
Project("{FAE04EC0-301F-11D3-BF4B-00C04F79EFBC}") = "1_4_", "1_4_\1_4_.csproj", "{C85C212D-6B5E-48F6-B055-933D8A5DE996}"
EndProject
Global
	GlobalSection(SolutionConfigurationPlatforms) = preSolution
		Debug|Any CPU = Debug|Any CPU
		Release|Any CPU = Release|Any CPU
	EndGlobalSection
	GlobalSection(ProjectConfigurationPlatforms) = postSolution
		{C85C212D-6B5E-48F6-B055-933D8A5DE996}.Debug|Any CPU.ActiveCfg = Debug|Any CPU
		{C85C212D-6B5E-48F6-B055-933D8A5DE996}.Debug|Any CPU.Build.0 = Debug|Any CPU
		{C85C212D-6B5E-48F6-B055-933D8A5DE996}.Release|Any CPU.ActiveCfg = Release|Any CPU
		{C85C212D-6B5E-48F6-B055-933D8A5DE996}.Release|Any CPU.Build.0 = Release|Any CPU
	EndGlobalSection
	GlobalSection(SolutionProperties) = preSolution
		HideSolutionNode = FALSE
	EndGlobalSection
	GlobalSection(ExtensibilityGlobals) = postSolution
		SolutionGuid = {33EA8786-1890-45BB-802C-DE6903A4D482}
	EndGlobalSection
EndGlobal
