
Microsoft Visual Studio Solution File, Format Version 12.00
# Visual Studio Version 16
VisualStudioVersion = 16.0.36324.18
MinimumVisualStudioVersion = 10.0.40219.1
Project("{FAE04EC0-301F-11D3-BF4B-00C04F79EFBC}") = "1_6", "1_4\1_6.csproj", "{F13C6224-83B7-4FB9-AC2A-7A4C0724A112}"
EndProject
Global
	GlobalSection(SolutionConfigurationPlatforms) = preSolution
		Debug|Any CPU = Debug|Any CPU
		Release|Any CPU = Release|Any CPU
	EndGlobalSection
	GlobalSection(ProjectConfigurationPlatforms) = postSolution
		{F13C6224-83B7-4FB9-AC2A-7A4C0724A112}.Debug|Any CPU.ActiveCfg = Debug|Any CPU
		{F13C6224-83B7-4FB9-AC2A-7A4C0724A112}.Debug|Any CPU.Build.0 = Debug|Any CPU
		{F13C6224-83B7-4FB9-AC2A-7A4C0724A112}.Release|Any CPU.ActiveCfg = Release|Any CPU
		{F13C6224-83B7-4FB9-AC2A-7A4C0724A112}.Release|Any CPU.Build.0 = Release|Any CPU
	EndGlobalSection
	GlobalSection(SolutionProperties) = preSolution
		HideSolutionNode = FALSE
	EndGlobalSection
	GlobalSection(ExtensibilityGlobals) = postSolution
		SolutionGuid = {10FFEDBE-F1F4-4163-9D71-A74252793CB4}
	EndGlobalSection
EndGlobal
